// !$*UTF8*$!
{
	archiveVersion = 1;
	classes = {
	};
	objectVersion = 55;
	objects = {

/* Begin PBXBuildFile section */
		3E4536EC279DCD7E000E7ABA /* XcodeCloudEtnMeetupApp.swift in Sources */ = {isa = PBXBuildFile; fileRef = 3E4536EB279DCD7E000E7ABA /* XcodeCloudEtnMeetupApp.swift */; };
		3E4536EE279DCD7E000E7ABA /* ContentView.swift in Sources */ = {isa = PBXBuildFile; fileRef = 3E4536ED279DCD7E000E7ABA /* ContentView.swift */; };
		3E4536F0279DCD7F000E7ABA /* Assets.xcassets in Resources */ = {isa = PBXBuildFile; fileRef = 3E4536EF279DCD7F000E7ABA /* Assets.xcassets */; };
		3E4536F3279DCD7F000E7ABA /* Preview Assets.xcassets in Resources */ = {isa = PBXBuildFile; fileRef = 3E4536F2279DCD7F000E7ABA /* Preview Assets.xcassets */; };
		3E4536FD279DCD7F000E7ABA /* XcodeCloudEtnMeetupTests.swift in Sources */ = {isa = PBXBuildFile; fileRef = 3E4536FC279DCD7F000E7ABA /* XcodeCloudEtnMeetupTests.swift */; };
		3E453707279DCD7F000E7ABA /* XcodeCloudEtnMeetupUITests.swift in Sources */ = {isa = PBXBuildFile; fileRef = 3E453706279DCD7F000E7ABA /* XcodeCloudEtnMeetupUITests.swift */; };
		3E453709279DCD7F000E7ABA /* XcodeCloudEtnMeetupUITestsLaunchTests.swift in Sources */ = {isa = PBXBuildFile; fileRef = 3E453708279DCD7F000E7ABA /* XcodeCloudEtnMeetupUITestsLaunchTests.swift */; };
/* End PBXBuildFile section */

/* Begin PBXContainerItemProxy section */
		3E4536F9279DCD7F000E7ABA /* PBXContainerItemProxy */ = {
			isa = PBXContainerItemProxy;
			containerPortal = 3E4536E0279DCD7E000E7ABA /* Project object */;
			proxyType = 1;
			remoteGlobalIDString = 3E4536E7279DCD7E000E7ABA;
			remoteInfo = XcodeCloudEtnMeetup;
		};
		3E453703279DCD7F000E7ABA /* PBXContainerItemProxy */ = {
			isa = PBXContainerItemProxy;
			containerPortal = 3E4536E0279DCD7E000E7ABA /* Project object */;
			proxyType = 1;
			remoteGlobalIDString = 3E4536E7279DCD7E000E7ABA;
			remoteInfo = XcodeCloudEtnMeetup;
		};
/* End PBXContainerItemProxy section */

/* Begin PBXFileReference section */
		3E4536E8279DCD7E000E7ABA /* XcodeCloudEtnMeetup.app */ = {isa = PBXFileReference; explicitFileType = wrapper.application; includeInIndex = 0; path = XcodeCloudEtnMeetup.app; sourceTree = BUILT_PRODUCTS_DIR; };
		3E4536EB279DCD7E000E7ABA /* XcodeCloudEtnMeetupApp.swift */ = {isa = PBXFileReference; lastKnownFileType = sourcecode.swift; path = XcodeCloudEtnMeetupApp.swift; sourceTree = "<group>"; };
		3E4536ED279DCD7E000E7ABA /* ContentView.swift */ = {isa = PBXFileReference; lastKnownFileType = sourcecode.swift; path = ContentView.swift; sourceTree = "<group>"; };
		3E4536EF279DCD7F000E7ABA /* Assets.xcassets */ = {isa = PBXFileReference; lastKnownFileType = folder.assetcatalog; path = Assets.xcassets; sourceTree = "<group>"; };
		3E4536F2279DCD7F000E7ABA /* Preview Assets.xcassets */ = {isa = PBXFileReference; lastKnownFileType = folder.assetcatalog; path = "Preview Assets.xcassets"; sourceTree = "<group>"; };
		3E4536F8279DCD7F000E7ABA /* XcodeCloudEtnMeetupTests.xctest */ = {isa = PBXFileReference; explicitFileType = wrapper.cfbundle; includeInIndex = 0; path = XcodeCloudEtnMeetupTests.xctest; sourceTree = BUILT_PRODUCTS_DIR; };
		3E4536FC279DCD7F000E7ABA /* XcodeCloudEtnMeetupTests.swift */ = {isa = PBXFileReference; lastKnownFileType = sourcecode.swift; path = XcodeCloudEtnMeetupTests.swift; sourceTree = "<group>"; };
		3E453702279DCD7F000E7ABA /* XcodeCloudEtnMeetupUITests.xctest */ = {isa = PBXFileReference; explicitFileType = wrapper.cfbundle; includeInIndex = 0; path = XcodeCloudEtnMeetupUITests.xctest; sourceTree = BUILT_PRODUCTS_DIR; };
		3E453706279DCD7F000E7ABA /* XcodeCloudEtnMeetupUITests.swift */ = {isa = PBXFileReference; lastKnownFileType = sourcecode.swift; path = XcodeCloudEtnMeetupUITests.swift; sourceTree = "<group>"; };
		3E453708279DCD7F000E7ABA /* XcodeCloudEtnMeetupUITestsLaunchTests.swift */ = {isa = PBXFileReference; lastKnownFileType = sourcecode.swift; path = XcodeCloudEtnMeetupUITestsLaunchTests.swift; sourceTree = "<group>"; };
/* End PBXFileReference section */

/* Begin PBXFrameworksBuildPhase section */
		3E4536E5279DCD7E000E7ABA /* Frameworks */ = {
			isa = PBXFrameworksBuildPhase;
			buildActionMask = 2147483647;
			files = (
			);
			runOnlyForDeploymentPostprocessing = 0;
		};
		3E4536F5279DCD7F000E7ABA /* Frameworks */ = {
			isa = PBXFrameworksBuildPhase;
			buildActionMask = 2147483647;
			files = (
			);
			runOnlyForDeploymentPostprocessing = 0;
		};
		3E4536FF279DCD7F000E7ABA /* Frameworks */ = {
			isa = PBXFrameworksBuildPhase;
			buildActionMask = 2147483647;
			files = (
			);
			runOnlyForDeploymentPostprocessing = 0;
		};
/* End PBXFrameworksBuildPhase section */

/* Begin PBXGroup section */
		3E4536DF279DCD7E000E7ABA = {
			isa = PBXGroup;
			children = (
				3E4536EA279DCD7E000E7ABA /* XcodeCloudEtnMeetup */,
				3E4536FB279DCD7F000E7ABA /* XcodeCloudEtnMeetupTests */,
				3E453705279DCD7F000E7ABA /* XcodeCloudEtnMeetupUITests */,
				3E4536E9279DCD7E000E7ABA /* Products */,
			);
			sourceTree = "<group>";
		};
		3E4536E9279DCD7E000E7ABA /* Products */ = {
			isa = PBXGroup;
			children = (
				3E4536E8279DCD7E000E7ABA /* XcodeCloudEtnMeetup.app */,
				3E4536F8279DCD7F000E7ABA /* XcodeCloudEtnMeetupTests.xctest */,
				3E453702279DCD7F000E7ABA /* XcodeCloudEtnMeetupUITests.xctest */,
			);
			name = Products;
			sourceTree = "<group>";
		};
		3E4536EA279DCD7E000E7ABA /* XcodeCloudEtnMeetup */ = {
			isa = PBXGroup;
			children = (
				3E4536EB279DCD7E000E7ABA /* XcodeCloudEtnMeetupApp.swift */,
				3E4536ED279DCD7E000E7ABA /* ContentView.swift */,
				3E4536EF279DCD7F000E7ABA /* Assets.xcassets */,
				3E4536F1279DCD7F000E7ABA /* Preview Content */,
			);
			path = XcodeCloudEtnMeetup;
			sourceTree = "<group>";
		};
		3E4536F1279DCD7F000E7ABA /* Preview Content */ = {
			isa = PBXGroup;
			children = (
				3E4536F2279DCD7F000E7ABA /* Preview Assets.xcassets */,
			);
			path = "Preview Content";
			sourceTree = "<group>";
		};
		3E4536FB279DCD7F000E7ABA /* XcodeCloudEtnMeetupTests */ = {
			isa = PBXGroup;
			children = (
				3E4536FC279DCD7F000E7ABA /* XcodeCloudEtnMeetupTests.swift */,
			);
			path = XcodeCloudEtnMeetupTests;
			sourceTree = "<group>";
		};
		3E453705279DCD7F000E7ABA /* XcodeCloudEtnMeetupUITests */ = {
			isa = PBXGroup;
			children = (
				3E453706279DCD7F000E7ABA /* XcodeCloudEtnMeetupUITests.swift */,
				3E453708279DCD7F000E7ABA /* XcodeCloudEtnMeetupUITestsLaunchTests.swift */,
			);
			path = XcodeCloudEtnMeetupUITests;
			sourceTree = "<group>";
		};
/* End PBXGroup section */

/* Begin PBXNativeTarget section */
		3E4536E7279DCD7E000E7ABA /* XcodeCloudEtnMeetup */ = {
			isa = PBXNativeTarget;
			buildConfigurationList = 3E45370C279DCD7F000E7ABA /* Build configuration list for PBXNativeTarget "XcodeCloudEtnMeetup" */;
			buildPhases = (
				3E4536E4279DCD7E000E7ABA /* Sources */,
				3E4536E5279DCD7E000E7ABA /* Frameworks */,
				3E4536E6279DCD7E000E7ABA /* Resources */,
			);
			buildRules = (
			);
			dependencies = (
			);
			name = XcodeCloudEtnMeetup;
			productName = XcodeCloudEtnMeetup;
			productReference = 3E4536E8279DCD7E000E7ABA /* XcodeCloudEtnMeetup.app */;
			productType = "com.apple.product-type.application";
		};
		3E4536F7279DCD7F000E7ABA /* XcodeCloudEtnMeetupTests */ = {
			isa = PBXNativeTarget;
			buildConfigurationList = 3E45370F279DCD7F000E7ABA /* Build configuration list for PBXNativeTarget "XcodeCloudEtnMeetupTests" */;
			buildPhases = (
				3E4536F4279DCD7F000E7ABA /* Sources */,
				3E4536F5279DCD7F000E7ABA /* Frameworks */,
				3E4536F6279DCD7F000E7ABA /* Resources */,
			);
			buildRules = (
			);
			dependencies = (
				3E4536FA279DCD7F000E7ABA /* PBXTargetDependency */,
			);
			name = XcodeCloudEtnMeetupTests;
			productName = XcodeCloudEtnMeetupTests;
			productReference = 3E4536F8279DCD7F000E7ABA /* XcodeCloudEtnMeetupTests.xctest */;
			productType = "com.apple.product-type.bundle.unit-test";
		};
		3E453701279DCD7F000E7ABA /* XcodeCloudEtnMeetupUITests */ = {
			isa = PBXNativeTarget;
			buildConfigurationList = 3E453712279DCD7F000E7ABA /* Build configuration list for PBXNativeTarget "XcodeCloudEtnMeetupUITests" */;
			buildPhases = (
				3E4536FE279DCD7F000E7ABA /* Sources */,
				3E4536FF279DCD7F000E7ABA /* Frameworks */,
				3E453700279DCD7F000E7ABA /* Resources */,
			);
			buildRules = (
			);
			dependencies = (
				3E453704279DCD7F000E7ABA /* PBXTargetDependency */,
			);
			name = XcodeCloudEtnMeetupUITests;
			productName = XcodeCloudEtnMeetupUITests;
			productReference = 3E453702279DCD7F000E7ABA /* XcodeCloudEtnMeetupUITests.xctest */;
			productType = "com.apple.product-type.bundle.ui-testing";
		};
/* End PBXNativeTarget section */

/* Begin PBXProject section */
		3E4536E0279DCD7E000E7ABA /* Project object */ = {
			isa = PBXProject;
			attributes = {
				BuildIndependentTargetsInParallel = 1;
				LastSwiftUpdateCheck = 1320;
				LastUpgradeCheck = 1320;
				TargetAttributes = {
					3E4536E7279DCD7E000E7ABA = {
						CreatedOnToolsVersion = 13.2.1;
					};
					3E4536F7279DCD7F000E7ABA = {
						CreatedOnToolsVersion = 13.2.1;
						TestTargetID = 3E4536E7279DCD7E000E7ABA;
					};
					3E453701279DCD7F000E7ABA = {
						CreatedOnToolsVersion = 13.2.1;
						TestTargetID = 3E4536E7279DCD7E000E7ABA;
					};
				};
			};
			buildConfigurationList = 3E4536E3279DCD7E000E7ABA /* Build configuration list for PBXProject "XcodeCloudEtnMeetup" */;
			compatibilityVersion = "Xcode 13.0";
			developmentRegion = en;
			hasScannedForEncodings = 0;
			knownRegions = (
				en,
				Base,
			);
			mainGroup = 3E4536DF279DCD7E000E7ABA;
			productRefGroup = 3E4536E9279DCD7E000E7ABA /* Products */;
			projectDirPath = "";
			projectRoot = "";
			targets = (
				3E4536E7279DCD7E000E7ABA /* XcodeCloudEtnMeetup */,
				3E4536F7279DCD7F000E7ABA /* XcodeCloudEtnMeetupTests */,
				3E453701279DCD7F000E7ABA /* XcodeCloudEtnMeetupUITests */,
			);
		};
/* End PBXProject section */

/* Begin PBXResourcesBuildPhase section */
		3E4536E6279DCD7E000E7ABA /* Resources */ = {
			isa = PBXResourcesBuildPhase;
			buildActionMask = 2147483647;
			files = (
				3E4536F3279DCD7F000E7ABA /* Preview Assets.xcassets in Resources */,
				3E4536F0279DCD7F000E7ABA /* Assets.xcassets in Resources */,
			);
			runOnlyForDeploymentPostprocessing = 0;
		};
		3E4536F6279DCD7F000E7ABA /* Resources */ = {
			isa = PBXResourcesBuildPhase;
			buildActionMask = 2147483647;
			files = (
			);
			runOnlyForDeploymentPostprocessing = 0;
		};
		3E453700279DCD7F000E7ABA /* Resources */ = {
			isa = PBXResourcesBuildPhase;
			buildActionMask = 2147483647;
			files = (
			);
			runOnlyForDeploymentPostprocessing = 0;
		};
/* End PBXResourcesBuildPhase section */

/* Begin PBXSourcesBuildPhase section */
		3E4536E4279DCD7E000E7ABA /* Sources */ = {
			isa = PBXSourcesBuildPhase;
			buildActionMask = 2147483647;
			files = (
				3E4536EE279DCD7E000E7ABA /* ContentView.swift in Sources */,
				3E4536EC279DCD7E000E7ABA /* XcodeCloudEtnMeetupApp.swift in Sources */,
			);
			runOnlyForDeploymentPostprocessing = 0;
		};
		3E4536F4279DCD7F000E7ABA /* Sources */ = {
			isa = PBXSourcesBuildPhase;
			buildActionMask = 2147483647;
			files = (
				3E4536FD279DCD7F000E7ABA /* XcodeCloudEtnMeetupTests.swift in Sources */,
			);
			runOnlyForDeploymentPostprocessing = 0;
		};
		3E4536FE279DCD7F000E7ABA /* Sources */ = {
			isa = PBXSourcesBuildPhase;
			buildActionMask = 2147483647;
			files = (
				3E453709279DCD7F000E7ABA /* XcodeCloudEtnMeetupUITestsLaunchTests.swift in Sources */,
				3E453707279DCD7F000E7ABA /* XcodeCloudEtnMeetupUITests.swift in Sources */,
			);
			runOnlyForDeploymentPostprocessing = 0;
		};
/* End PBXSourcesBuildPhase section */

/* Begin PBXTargetDependency section */
		3E4536FA279DCD7F000E7ABA /* PBXTargetDependency */ = {
			isa = PBXTargetDependency;
			target = 3E4536E7279DCD7E000E7ABA /* XcodeCloudEtnMeetup */;
			targetProxy = 3E4536F9279DCD7F000E7ABA /* PBXContainerItemProxy */;
		};
		3E453704279DCD7F000E7ABA /* PBXTargetDependency */ = {
			isa = PBXTargetDependency;
			target = 3E4536E7279DCD7E000E7ABA /* XcodeCloudEtnMeetup */;
			targetProxy = 3E453703279DCD7F000E7ABA /* PBXContainerItemProxy */;
		};
/* End PBXTargetDependency section */

/* Begin XCBuildConfiguration section */
		3E45370A279DCD7F000E7ABA /* Debug */ = {
			isa = XCBuildConfiguration;
			buildSettings = {
				ALWAYS_SEARCH_USER_PATHS = NO;
				CLANG_ANALYZER_NONNULL = YES;
				CLANG_ANALYZER_NUMBER_OBJECT_CONVERSION = YES_AGGRESSIVE;
				CLANG_CXX_LANGUAGE_STANDARD = "gnu++17";
				CLANG_CXX_LIBRARY = "libc++";
				CLANG_ENABLE_MODULES = YES;
				CLANG_ENABLE_OBJC_ARC = YES;
				CLANG_ENABLE_OBJC_WEAK = YES;
				CLANG_WARN_BLOCK_CAPTURE_AUTORELEASING = YES;
				CLANG_WARN_BOOL_CONVERSION = YES;
				CLANG_WARN_COMMA = YES;
				CLANG_WARN_CONSTANT_CONVERSION = YES;
				CLANG_WARN_DEPRECATED_OBJC_IMPLEMENTATIONS = YES;
				CLANG_WARN_DIRECT_OBJC_ISA_USAGE = YES_ERROR;
				CLANG_WARN_DOCUMENTATION_COMMENTS = YES;
				CLANG_WARN_EMPTY_BODY = YES;
				CLANG_WARN_ENUM_CONVERSION = YES;
				CLANG_WARN_INFINITE_RECURSION = YES;
				CLANG_WARN_INT_CONVERSION = YES;
				CLANG_WARN_NON_LITERAL_NULL_CONVERSION = YES;
				CLANG_WARN_OBJC_IMPLICIT_RETAIN_SELF = YES;
				CLANG_WARN_OBJC_LITERAL_CONVERSION = YES;
				CLANG_WARN_OBJC_ROOT_CLASS = YES_ERROR;
				CLANG_WARN_QUOTED_INCLUDE_IN_FRAMEWORK_HEADER = YES;
				CLANG_WARN_RANGE_LOOP_ANALYSIS = YES;
				CLANG_WARN_STRICT_PROTOTYPES = YES;
				CLANG_WARN_SUSPICIOUS_MOVE = YES;
				CLANG_WARN_UNGUARDED_AVAILABILITY = YES_AGGRESSIVE;
				CLANG_WARN_UNREACHABLE_CODE = YES;
				CLANG_WARN__DUPLICATE_METHOD_MATCH = YES;
				COPY_PHASE_STRIP = NO;
				DEBUG_INFORMATION_FORMAT = dwarf;
				ENABLE_STRICT_OBJC_MSGSEND = YES;
				ENABLE_TESTABILITY = YES;
				GCC_C_LANGUAGE_STANDARD = gnu11;
				GCC_DYNAMIC_NO_PIC = NO;
				GCC_NO_COMMON_BLOCKS = YES;
				GCC_OPTIMIZATION_LEVEL = 0;
				GCC_PREPROCESSOR_DEFINITIONS = (
					"DEBUG=1",
					"$(inherited)",
				);
				GCC_WARN_64_TO_32_BIT_CONVERSION = YES;
				GCC_WARN_ABOUT_RETURN_TYPE = YES_ERROR;
				GCC_WARN_UNDECLARED_SELECTOR = YES;
				GCC_WARN_UNINITIALIZED_AUTOS = YES_AGGRESSIVE;
				GCC_WARN_UNUSED_FUNCTION = YES;
				GCC_WARN_UNUSED_VARIABLE = YES;
				IPHONEOS_DEPLOYMENT_TARGET = 15.2;
				MTL_ENABLE_DEBUG_INFO = INCLUDE_SOURCE;
				MTL_FAST_MATH = YES;
				ONLY_ACTIVE_ARCH = YES;
				SDKROOT = iphoneos;
				SWIFT_ACTIVE_COMPILATION_CONDITIONS = DEBUG;
				SWIFT_OPTIMIZATION_LEVEL = "-Onone";
			};
			name = Debug;
		};
		3E45370B279DCD7F000E7ABA /* Release */ = {
			isa = XCBuildConfiguration;
			buildSettings = {
				ALWAYS_SEARCH_USER_PATHS = NO;
				CLANG_ANALYZER_NONNULL = YES;
				CLANG_ANALYZER_NUMBER_OBJECT_CONVERSION = YES_AGGRESSIVE;
				CLANG_CXX_LANGUAGE_STANDARD = "gnu++17";
				CLANG_CXX_LIBRARY = "libc++";
				CLANG_ENABLE_MODULES = YES;
				CLANG_ENABLE_OBJC_ARC = YES;
				CLANG_ENABLE_OBJC_WEAK = YES;
				CLANG_WARN_BLOCK_CAPTURE_AUTORELEASING = YES;
				CLANG_WARN_BOOL_CONVERSION = YES;
				CLANG_WARN_COMMA = YES;
				CLANG_WARN_CONSTANT_CONVERSION = YES;
				CLANG_WARN_DEPRECATED_OBJC_IMPLEMENTATIONS = YES;
				CLANG_WARN_DIRECT_OBJC_ISA_USAGE = YES_ERROR;
				CLANG_WARN_DOCUMENTATION_COMMENTS = YES;
				CLANG_WARN_EMPTY_BODY = YES;
				CLANG_WARN_ENUM_CONVERSION = YES;
				CLANG_WARN_INFINITE_RECURSION = YES;
				CLANG_WARN_INT_CONVERSION = YES;
				CLANG_WARN_NON_LITERAL_NULL_CONVERSION = YES;
				CLANG_WARN_OBJC_IMPLICIT_RETAIN_SELF = YES;
				CLANG_WARN_OBJC_LITERAL_CONVERSION = YES;
				CLANG_WARN_OBJC_ROOT_CLASS = YES_ERROR;
				CLANG_WARN_QUOTED_INCLUDE_IN_FRAMEWORK_HEADER = YES;
				CLANG_WARN_RANGE_LOOP_ANALYSIS = YES;
				CLANG_WARN_STRICT_PROTOTYPES = YES;
				CLANG_WARN_SUSPICIOUS_MOVE = YES;
				CLANG_WARN_UNGUARDED_AVAILABILITY = YES_AGGRESSIVE;
				CLANG_WARN_UNREACHABLE_CODE = YES;
				CLANG_WARN__DUPLICATE_METHOD_MATCH = YES;
				COPY_PHASE_STRIP = NO;
				DEBUG_INFORMATION_FORMAT = "dwarf-with-dsym";
				ENABLE_NS_ASSERTIONS = NO;
				ENABLE_STRICT_OBJC_MSGSEND = YES;
				GCC_C_LANGUAGE_STANDARD = gnu11;
				GCC_NO_COMMON_BLOCKS = YES;
				GCC_WARN_64_TO_32_BIT_CONVERSION = YES;
				GCC_WARN_ABOUT_RETURN_TYPE = YES_ERROR;
				GCC_WARN_UNDECLARED_SELECTOR = YES;
				GCC_WARN_UNINITIALIZED_AUTOS = YES_AGGRESSIVE;
				GCC_WARN_UNUSED_FUNCTION = YES;
				GCC_WARN_UNUSED_VARIABLE = YES;
				IPHONEOS_DEPLOYMENT_TARGET = 15.2;
				MTL_ENABLE_DEBUG_INFO = NO;
				MTL_FAST_MATH = YES;
				SDKROOT = iphoneos;
				SWIFT_COMPILATION_MODE = wholemodule;
				SWIFT_OPTIMIZATION_LEVEL = "-O";
				VALIDATE_PRODUCT = YES;
			};
			name = Release;
		};
		3E45370D279DCD7F000E7ABA /* Debug */ = {
			isa = XCBuildConfiguration;
			buildSettings = {
				ASSETCATALOG_COMPILER_APPICON_NAME = AppIcon;
				ASSETCATALOG_COMPILER_GLOBAL_ACCENT_COLOR_NAME = AccentColor;
				CODE_SIGN_STYLE = Automatic;
				CURRENT_PROJECT_VERSION = 1;
				DEVELOPMENT_ASSET_PATHS = "\"XcodeCloudEtnMeetup/Preview Content\"";
				DEVELOPMENT_TEAM = UVXJ4S52GK;
				ENABLE_PREVIEWS = YES;
				GENERATE_INFOPLIST_FILE = YES;
				INFOPLIST_KEY_UIApplicationSceneManifest_Generation = YES;
				INFOPLIST_KEY_UIApplicationSupportsIndirectInputEvents = YES;
				INFOPLIST_KEY_UILaunchScreen_Generation = YES;
				INFOPLIST_KEY_UISupportedInterfaceOrientations_iPad = "UIInterfaceOrientationPortrait UIInterfaceOrientationPortraitUpsideDown UIInterfaceOrientationLandscapeLeft UIInterfaceOrientationLandscapeRight";
				INFOPLIST_KEY_UISupportedInterfaceOrientations_iPhone = "UIInterfaceOrientationPortrait UIInterfaceOrientationLandscapeLeft UIInterfaceOrientationLandscapeRight";
				LD_RUNPATH_SEARCH_PATHS = (
					"$(inherited)",
					"@executable_path/Frameworks",
				);
				MARKETING_VERSION = 1.0;
				PRODUCT_BUNDLE_IDENTIFIER = cz.etnetera.adampecev.XcodeCloudEtnMeetup2;
				PRODUCT_NAME = "$(TARGET_NAME)";
				SWIFT_EMIT_LOC_STRINGS = YES;
				SWIFT_VERSION = 5.0;
				TARGETED_DEVICE_FAMILY = "1,2";
			};
			name = Debug;
		};
		3E45370E279DCD7F000E7ABA /* Release */ = {
			isa = XCBuildConfiguration;
			buildSettings = {
				ASSETCATALOG_COMPILER_APPICON_NAME = AppIcon;
				ASSETCATALOG_COMPILER_GLOBAL_ACCENT_COLOR_NAME = AccentColor;
				CODE_SIGN_STYLE = Automatic;
				CURRENT_PROJECT_VERSION = 1;
				DEVELOPMENT_ASSET_PATHS = "\"XcodeCloudEtnMeetup/Preview Content\"";
				DEVELOPMENT_TEAM = UVXJ4S52GK;
				ENABLE_PREVIEWS = YES;
				GENERATE_INFOPLIST_FILE = YES;
				INFOPLIST_KEY_UIApplicationSceneManifest_Generation = YES;
				INFOPLIST_KEY_UIApplicationSupportsIndirectInputEvents = YES;
				INFOPLIST_KEY_UILaunchScreen_Generation = YES;
				INFOPLIST_KEY_UISupportedInterfaceOrientations_iPad = "UIInterfaceOrientationPortrait UIInterfaceOrientationPortraitUpsideDown UIInterfaceOrientationLandscapeLeft UIInterfaceOrientationLandscapeRight";
				INFOPLIST_KEY_UISupportedInterfaceOrientations_iPhone = "UIInterfaceOrientationPortrait UIInterfaceOrientationLandscapeLeft UIInterfaceOrientationLandscapeRight";
				LD_RUNPATH_SEARCH_PATHS = (
					"$(inherited)",
					"@executable_path/Frameworks",
				);
				MARKETING_VERSION = 1.0;
				PRODUCT_BUNDLE_IDENTIFIER = cz.etnetera.adampecev.XcodeCloudEtnMeetup2;
				PRODUCT_NAME = "$(TARGET_NAME)";
				SWIFT_EMIT_LOC_STRINGS = YES;
				SWIFT_VERSION = 5.0;
				TARGETED_DEVICE_FAMILY = "1,2";
			};
			name = Release;
		};
		3E453710279DCD7F000E7ABA /* Debug */ = {
			isa = XCBuildConfiguration;
			buildSettings = {
				ALWAYS_EMBED_SWIFT_STANDARD_LIBRARIES = YES;
				BUNDLE_LOADER = "$(TEST_HOST)";
				CODE_SIGN_STYLE = Automatic;
				CURRENT_PROJECT_VERSION = 1;
				DEVELOPMENT_TEAM = UVXJ4S52GK;
				GENERATE_INFOPLIST_FILE = YES;
				IPHONEOS_DEPLOYMENT_TARGET = 15.2;
				MARKETING_VERSION = 1.0;
				PRODUCT_BUNDLE_IDENTIFIER = cz.etnetera.adampecev.XcodeCloudEtnMeetupTests;
				PRODUCT_NAME = "$(TARGET_NAME)";
				SWIFT_EMIT_LOC_STRINGS = NO;
				SWIFT_VERSION = 5.0;
				TARGETED_DEVICE_FAMILY = "1,2";
				TEST_HOST = "$(BUILT_PRODUCTS_DIR)/XcodeCloudEtnMeetup.app/XcodeCloudEtnMeetup";
			};
			name = Debug;
		};
		3E453711279DCD7F000E7ABA /* Release */ = {
			isa = XCBuildConfiguration;
			buildSettings = {
				ALWAYS_EMBED_SWIFT_STANDARD_LIBRARIES = YES;
				BUNDLE_LOADER = "$(TEST_HOST)";
				CODE_SIGN_STYLE = Automatic;
				CURRENT_PROJECT_VERSION = 1;
				DEVELOPMENT_TEAM = UVXJ4S52GK;
				GENERATE_INFOPLIST_FILE = YES;
				IPHONEOS_DEPLOYMENT_TARGET = 15.2;
				MARKETING_VERSION = 1.0;
				PRODUCT_BUNDLE_IDENTIFIER = cz.etnetera.adampecev.XcodeCloudEtnMeetupTests;
				PRODUCT_NAME = "$(TARGET_NAME)";
				SWIFT_EMIT_LOC_STRINGS = NO;
				SWIFT_VERSION = 5.0;
				TARGETED_DEVICE_FAMILY = "1,2";
				TEST_HOST = "$(BUILT_PRODUCTS_DIR)/XcodeCloudEtnMeetup.app/XcodeCloudEtnMeetup";
			};
			name = Release;
		};
		3E453713279DCD7F000E7ABA /* Debug */ = {
			isa = XCBuildConfiguration;
			buildSettings = {
				ALWAYS_EMBED_SWIFT_STANDARD_LIBRARIES = YES;
				CODE_SIGN_STYLE = Automatic;
				CURRENT_PROJECT_VERSION = 1;
				DEVELOPMENT_TEAM = UVXJ4S52GK;
				GENERATE_INFOPLIST_FILE = YES;
				MARKETING_VERSION = 1.0;
				PRODUCT_BUNDLE_IDENTIFIER = cz.etnetera.adampecev.XcodeCloudEtnMeetupUITests;
				PRODUCT_NAME = "$(TARGET_NAME)";
				SWIFT_EMIT_LOC_STRINGS = NO;
				SWIFT_VERSION = 5.0;
				TARGETED_DEVICE_FAMILY = "1,2";
				TEST_TARGET_NAME = XcodeCloudEtnMeetup;
			};
			name = Debug;
		};
		3E453714279DCD7F000E7ABA /* Release */ = {
			isa = XCBuildConfiguration;
			buildSettings = {
				ALWAYS_EMBED_SWIFT_STANDARD_LIBRARIES = YES;
				CODE_SIGN_STYLE = Automatic;
				CURRENT_PROJECT_VERSION = 1;
				DEVELOPMENT_TEAM = UVXJ4S52GK;
				GENERATE_INFOPLIST_FILE = YES;
				MARKETING_VERSION = 1.0;
				PRODUCT_BUNDLE_IDENTIFIER = cz.etnetera.adampecev.XcodeCloudEtnMeetupUITests;
				PRODUCT_NAME = "$(TARGET_NAME)";
				SWIFT_EMIT_LOC_STRINGS = NO;
				SWIFT_VERSION = 5.0;
				TARGETED_DEVICE_FAMILY = "1,2";
				TEST_TARGET_NAME = XcodeCloudEtnMeetup;
			};
			name = Release;
		};
/* End XCBuildConfiguration section */

/* Begin XCConfigurationList section */
		3E4536E3279DCD7E000E7ABA /* Build configuration list for PBXProject "XcodeCloudEtnMeetup" */ = {
			isa = XCConfigurationList;
			buildConfigurations = (
				3E45370A279DCD7F000E7ABA /* Debug */,
				3E45370B279DCD7F000E7ABA /* Release */,
			);
			defaultConfigurationIsVisible = 0;
			defaultConfigurationName = Release;
		};
		3E45370C279DCD7F000E7ABA /* Build configuration list for PBXNativeTarget "XcodeCloudEtnMeetup" */ = {
			isa = XCConfigurationList;
			buildConfigurations = (
				3E45370D279DCD7F000E7ABA /* Debug */,
				3E45370E279DCD7F000E7ABA /* Release */,
			);
			defaultConfigurationIsVisible = 0;
			defaultConfigurationName = Release;
		};
		3E45370F279DCD7F000E7ABA /* Build configuration list for PBXNativeTarget "XcodeCloudEtnMeetupTests" */ = {
			isa = XCConfigurationList;
			buildConfigurations = (
				3E453710279DCD7F000E7ABA /* Debug */,
				3E453711279DCD7F000E7ABA /* Release */,
			);
			defaultConfigurationIsVisible = 0;
			defaultConfigurationName = Release;
		};
		3E453712279DCD7F000E7ABA /* Build configuration list for PBXNativeTarget "XcodeCloudEtnMeetupUITests" */ = {
			isa = XCConfigurationList;
			buildConfigurations = (
				3E453713279DCD7F000E7ABA /* Debug */,
				3E453714279DCD7F000E7ABA /* Release */,
			);
			defaultConfigurationIsVisible = 0;
			defaultConfigurationName = Release;
		};
/* End XCConfigurationList section */
	};
	rootObject = 3E4536E0279DCD7E000E7ABA /* Project object */;
}
